
Microsoft Visual Studio Solution File, Format Version 12.00
# Visual Studio 14
VisualStudioVersion = 14.0.24720.0
MinimumVisualStudioVersion = 10.0.40219.1
Project("{8BC9CEB8-8B4A-11D0-8D11-00A0C91BC942}") = "그래프출력", "그래프출력\그래프출력.vcxproj", "{DCF4277B-60C9-4A6A-BBE8-C50F5BEF7453}"
EndProject
Global
	GlobalSection(SolutionConfigurationPlatforms) = preSolution
		Debug|x64 = Debug|x64
		Debug|x86 = Debug|x86
		Release|x64 = Release|x64
		Release|x86 = Release|x86
	EndGlobalSection
	GlobalSection(ProjectConfigurationPlatforms) = postSolution
		{DCF4277B-60C9-4A6A-BBE8-C50F5BEF7453}.Debug|x64.ActiveCfg = Debug|x64
		{DCF4277B-60C9-4A6A-BBE8-C50F5BEF7453}.Debug|x64.Build.0 = Debug|x64
		{DCF4277B-60C9-4A6A-BBE8-C50F5BEF7453}.Debug|x86.ActiveCfg = Debug|Win32
		{DCF4277B-60C9-4A6A-BBE8-C50F5BEF7453}.Debug|x86.Build.0 = Debug|Win32
		{DCF4277B-60C9-4A6A-BBE8-C50F5BEF7453}.Release|x64.ActiveCfg = Release|x64
		{DCF4277B-60C9-4A6A-BBE8-C50F5BEF7453}.Release|x64.Build.0 = Release|x64
		{DCF4277B-60C9-4A6A-BBE8-C50F5BEF7453}.Release|x86.ActiveCfg = Release|Win32
		{DCF4277B-60C9-4A6A-BBE8-C50F5BEF7453}.Release|x86.Build.0 = Release|Win32
	EndGlobalSection
	GlobalSection(SolutionProperties) = preSolution
		HideSolutionNode = FALSE
	EndGlobalSection
EndGlobal
